
Microsoft Visual Studio Solution File, Format Version 12.00
# Visual Studio Version 17
VisualStudioVersion = 17.10.34928.147
MinimumVisualStudioVersion = 10.0.40219.1
Project("{FAE04EC0-301F-11D3-BF4B-00C04F79EFBC}") = "semana5", "semana5\semana5.csproj", "{8D176AAB-6D69-488C-A336-67E2AF106029}"
EndProject
Global
	GlobalSection(SolutionConfigurationPlatforms) = preSolution
		Debug|Any CPU = Debug|Any CPU
		Release|Any CPU = Release|Any CPU
	EndGlobalSection
	GlobalSection(ProjectConfigurationPlatforms) = postSolution
		{8D176AAB-6D69-488C-A336-67E2AF106029}.Debug|Any CPU.ActiveCfg = Debug|Any CPU
		{8D176AAB-6D69-488C-A336-67E2AF106029}.Debug|Any CPU.Build.0 = Debug|Any CPU
		{8D176AAB-6D69-488C-A336-67E2AF106029}.Debug|Any CPU.Deploy.0 = Debug|Any CPU
		{8D176AAB-6D69-488C-A336-67E2AF106029}.Release|Any CPU.ActiveCfg = Release|Any CPU
		{8D176AAB-6D69-488C-A336-67E2AF106029}.Release|Any CPU.Build.0 = Release|Any CPU
		{8D176AAB-6D69-488C-A336-67E2AF106029}.Release|Any CPU.Deploy.0 = Release|Any CPU
	EndGlobalSection
	GlobalSection(SolutionProperties) = preSolution
		HideSolutionNode = FALSE
	EndGlobalSection
	GlobalSection(ExtensibilityGlobals) = postSolution
		SolutionGuid = {A6C026E5-054B-4B2D-B5C3-C19A67EF861E}
	EndGlobalSection
EndGlobal
